<Solution>
  <Folder Name="/application/">
    <Project Path="backend-ekos-pro/backend-ekos-pro.csproj" />
  </Folder>
  <Folder Name="/Constitution/">
    <File Path="copilot-instructions.md" />
  </Folder>
  <Folder Name="/Domain/">
    <Project Path="Domain.Service/Domain.Service.csproj" />
  </Folder>
  <Folder Name="/Infraestructure/">
    <Project Path="Infrastructure.Entity/Infrastructure.Entity.csproj" />
  </Folder>
  <Folder Name="/Utils/">
    <Project Path="Utils/Utils.csproj" />
  </Folder>
</Solution>
